[[package]]
name = "helper.aleo"
location = "local"
path = "/Users/kalpitamandal/marlin/aleo-avail-kalypso/multi_txn_t1/helper"
checksum = "947e2b4e7f38d4a990c77261a0bcb004dd8b45e5207730b6e834e3bcce0f85f2"
dependencies = []

[[package]]
name = "fees.aleo"
location = "local"
path = "/Users/kalpitamandal/marlin/aleo-avail-kalypso/multi_txn_t1/fees"
checksum = "a15df9f888318c88fb593c0e36ce829c4a3c142565ee43cc508bc0943f08aaf3"
dependencies = []
