[[package]]
name = "helper.aleo"
location = "local"
path = "/Users/kalpitamandal/marlin/aleo-avail-kalypso/multi_txn_t1/helper"
checksum = "e27692f5b224cac7e09bf45a3706b793a6054270aaa9516cdaa7aabe05a2d443"
dependencies = []

[[package]]
name = "fees.aleo"
location = "local"
path = "/Users/kalpitamandal/marlin/aleo-avail-kalypso/multi_txn_t1/fees"
checksum = "ff1bba4292273e6a9ddd10abc33c88ff26b51eb090026cdb7e8421fbaed1af59"
dependencies = []
